
Microsoft Visual Studio Solution File, Format Version 12.00
# Visual Studio Version 17
VisualStudioVersion = 17.5.33414.496
MinimumVisualStudioVersion = 10.0.40219.1
Project("{FAE04EC0-301F-11D3-BF4B-00C04F79EFBC}") = "jeu", "jeu\jeu.csproj", "{0FB4B201-E7FC-4A5F-AFA6-60BF724805CF}"
EndProject
Global
	GlobalSection(SolutionConfigurationPlatforms) = preSolution
		Debug|Any CPU = Debug|Any CPU
		Release|Any CPU = Release|Any CPU
	EndGlobalSection
	GlobalSection(ProjectConfigurationPlatforms) = postSolution
		{0FB4B201-E7FC-4A5F-AFA6-60BF724805CF}.Debug|Any CPU.ActiveCfg = Debug|Any CPU
		{0FB4B201-E7FC-4A5F-AFA6-60BF724805CF}.Debug|Any CPU.Build.0 = Debug|Any CPU
		{0FB4B201-E7FC-4A5F-AFA6-60BF724805CF}.Release|Any CPU.ActiveCfg = Release|Any CPU
		{0FB4B201-E7FC-4A5F-AFA6-60BF724805CF}.Release|Any CPU.Build.0 = Release|Any CPU
	EndGlobalSection
	GlobalSection(SolutionProperties) = preSolution
		HideSolutionNode = FALSE
	EndGlobalSection
	GlobalSection(ExtensibilityGlobals) = postSolution
		SolutionGuid = {34DF6BD1-414A-4DA2-A9EC-FEFF59072D6C}
	EndGlobalSection
EndGlobal
