
Microsoft Visual Studio Solution File, Format Version 12.00
# Visual Studio Version 17
VisualStudioVersion = 17.5.33414.496
MinimumVisualStudioVersion = 10.0.40219.1
Project("{FAE04EC0-301F-11D3-BF4B-00C04F79EFBC}") = "test", "test\test.csproj", "{13017445-AA9D-45C1-8FF2-4D839C64681E}"
EndProject
Global
	GlobalSection(SolutionConfigurationPlatforms) = preSolution
		Debug|Any CPU = Debug|Any CPU
		Release|Any CPU = Release|Any CPU
	EndGlobalSection
	GlobalSection(ProjectConfigurationPlatforms) = postSolution
		{13017445-AA9D-45C1-8FF2-4D839C64681E}.Debug|Any CPU.ActiveCfg = Debug|Any CPU
		{13017445-AA9D-45C1-8FF2-4D839C64681E}.Debug|Any CPU.Build.0 = Debug|Any CPU
		{13017445-AA9D-45C1-8FF2-4D839C64681E}.Release|Any CPU.ActiveCfg = Release|Any CPU
		{13017445-AA9D-45C1-8FF2-4D839C64681E}.Release|Any CPU.Build.0 = Release|Any CPU
	EndGlobalSection
	GlobalSection(SolutionProperties) = preSolution
		HideSolutionNode = FALSE
	EndGlobalSection
	GlobalSection(ExtensibilityGlobals) = postSolution
		SolutionGuid = {6D17D597-3CC9-4C42-B924-53F8F83E7C8D}
	EndGlobalSection
EndGlobal
